Microsoft Visual Studio Solution File, Format Version 12.00
# Visual Studio Version 17
VisualStudioVersion = 17.5.2.0
MinimumVisualStudioVersion = 10.0.40219.1
Project("{2150E333-8FDC-42A3-9474-1A3956D46DE8}") = "MinhaSolucao", "MinhaSolucao", "{4DCF5DDB-5169-0DD7-EC76-A9A6A1515F4D}"
EndProject
Project("{FAE04EC0-301F-11D3-BF4B-00C04F79EFBC}") = "MeuApp", "MinhaSolucao\MeuApp\MeuApp.csproj", "{B4BC464C-B285-FFB9-9D78-886F9540488C}"
EndProject
Global
	GlobalSection(SolutionConfigurationPlatforms) = preSolution
		Debug|Any CPU = Debug|Any CPU
		Release|Any CPU = Release|Any CPU
	EndGlobalSection
	GlobalSection(ProjectConfigurationPlatforms) = postSolution
		{B4BC464C-B285-FFB9-9D78-886F9540488C}.Debug|Any CPU.ActiveCfg = Debug|Any CPU
		{B4BC464C-B285-FFB9-9D78-886F9540488C}.Debug|Any CPU.Build.0 = Debug|Any CPU
		{B4BC464C-B285-FFB9-9D78-886F9540488C}.Release|Any CPU.ActiveCfg = Release|Any CPU
		{B4BC464C-B285-FFB9-9D78-886F9540488C}.Release|Any CPU.Build.0 = Release|Any CPU
	EndGlobalSection
	GlobalSection(SolutionProperties) = preSolution
		HideSolutionNode = FALSE
	EndGlobalSection
	GlobalSection(NestedProjects) = preSolution
		{B4BC464C-B285-FFB9-9D78-886F9540488C} = {4DCF5DDB-5169-0DD7-EC76-A9A6A1515F4D}
	EndGlobalSection
	GlobalSection(ExtensibilityGlobals) = postSolution
		SolutionGuid = {CEF049A3-AAA1-40B1-9451-FA7A581672CD}
	EndGlobalSection
EndGlobal
